
Microsoft Visual Studio Solution File, Format Version 12.00
# Visual Studio 15
VisualStudioVersion = 15.0.27703.2000
MinimumVisualStudioVersion = 10.0.40219.1
Project("{9A19103F-16F7-4668-BE54-9A1E7A4F7556}") = "MySite", "MySite\MySite.csproj", "{B892E4C5-2560-4488-A374-D6FAF200FB88}"
EndProject
Project("{FAE04EC0-301F-11D3-BF4B-00C04F79EFBC}") = "MySiteCore", "MySite.Core\MySiteCore.csproj", "{1A6FEA7D-30CC-4C9B-8FF7-FE79CE68D7F0}"
EndProject
Project("{FAE04EC0-301F-11D3-BF4B-00C04F79EFBC}") = "MySiteInfastructure", "MySite.Infastructure\MySiteInfastructure.csproj", "{591854DD-56BC-4BEF-BDA5-CC51A1E10C2A}"
EndProject
Project("{FAE04EC0-301F-11D3-BF4B-00C04F79EFBC}") = "LocalDatabase", "LocalDatabase\LocalDatabase.csproj", "{18390CC4-53C1-4579-9BFD-4B592EBD03DC}"
EndProject
Global
	GlobalSection(SolutionConfigurationPlatforms) = preSolution
		Debug|Any CPU = Debug|Any CPU
		Release|Any CPU = Release|Any CPU
	EndGlobalSection
	GlobalSection(ProjectConfigurationPlatforms) = postSolution
		{B892E4C5-2560-4488-A374-D6FAF200FB88}.Debug|Any CPU.ActiveCfg = Debug|Any CPU
		{B892E4C5-2560-4488-A374-D6FAF200FB88}.Debug|Any CPU.Build.0 = Debug|Any CPU
		{B892E4C5-2560-4488-A374-D6FAF200FB88}.Release|Any CPU.ActiveCfg = Release|Any CPU
		{B892E4C5-2560-4488-A374-D6FAF200FB88}.Release|Any CPU.Build.0 = Release|Any CPU
		{1A6FEA7D-30CC-4C9B-8FF7-FE79CE68D7F0}.Debug|Any CPU.ActiveCfg = Debug|Any CPU
		{1A6FEA7D-30CC-4C9B-8FF7-FE79CE68D7F0}.Debug|Any CPU.Build.0 = Debug|Any CPU
		{1A6FEA7D-30CC-4C9B-8FF7-FE79CE68D7F0}.Release|Any CPU.ActiveCfg = Release|Any CPU
		{1A6FEA7D-30CC-4C9B-8FF7-FE79CE68D7F0}.Release|Any CPU.Build.0 = Release|Any CPU
		{591854DD-56BC-4BEF-BDA5-CC51A1E10C2A}.Debug|Any CPU.ActiveCfg = Debug|Any CPU
		{591854DD-56BC-4BEF-BDA5-CC51A1E10C2A}.Debug|Any CPU.Build.0 = Debug|Any CPU
		{591854DD-56BC-4BEF-BDA5-CC51A1E10C2A}.Release|Any CPU.ActiveCfg = Release|Any CPU
		{591854DD-56BC-4BEF-BDA5-CC51A1E10C2A}.Release|Any CPU.Build.0 = Release|Any CPU
		{18390CC4-53C1-4579-9BFD-4B592EBD03DC}.Debug|Any CPU.ActiveCfg = Debug|Any CPU
		{18390CC4-53C1-4579-9BFD-4B592EBD03DC}.Debug|Any CPU.Build.0 = Debug|Any CPU
		{18390CC4-53C1-4579-9BFD-4B592EBD03DC}.Release|Any CPU.ActiveCfg = Release|Any CPU
		{18390CC4-53C1-4579-9BFD-4B592EBD03DC}.Release|Any CPU.Build.0 = Release|Any CPU
	EndGlobalSection
	GlobalSection(SolutionProperties) = preSolution
		HideSolutionNode = FALSE
	EndGlobalSection
	GlobalSection(ExtensibilityGlobals) = postSolution
		SolutionGuid = {D2AEAD25-216D-4A3A-BD6D-51C9F4F9AE56}
	EndGlobalSection
EndGlobal
